// !$*UTF8*$!
{
	archiveVersion = 1;
	classes = {
	};
	objectVersion = 47;
	objects = {

/* Begin PBXBuildFile section */
		0A4662F41AC97BFE007968DF /* CameraViewController.swift in Sources */ = {isa = PBXBuildFile; fileRef = 0A4662F31AC97BFE007968DF /* CameraViewController.swift */; };
		0A4662F61AC97EB0007968DF /* PageViewController.swift in Sources */ = {isa = PBXBuildFile; fileRef = 0A4662F51AC97EB0007968DF /* PageViewController.swift */; };
		0A532D0C1ADEA46900463B94 /* CameraResultViewController.swift in Sources */ = {isa = PBXBuildFile; fileRef = 0A532D0B1ADEA46900463B94 /* CameraResultViewController.swift */; };
		0A532D141ADFE52000463B94 /* DataViewController.swift in Sources */ = {isa = PBXBuildFile; fileRef = 0A532D131ADFE52000463B94 /* DataViewController.swift */; };
		0A657A421AC56C7400ACDDF7 /* RootViewController.swift in Sources */ = {isa = PBXBuildFile; fileRef = 0A657A3C1AC56C7400ACDDF7 /* RootViewController.swift */; };
		0A657A431AC56C7400ACDDF7 /* AppDelegate.swift in Sources */ = {isa = PBXBuildFile; fileRef = 0A657A3D1AC56C7400ACDDF7 /* AppDelegate.swift */; };
		0A7ED7CD1AE678DC003C46B8 /* UploadViewController.swift in Sources */ = {isa = PBXBuildFile; fileRef = 0A7ED7CC1AE678DC003C46B8 /* UploadViewController.swift */; };
		0A7ED7D31AE681B7003C46B8 /* Alamofire.swift in Sources */ = {isa = PBXBuildFile; fileRef = 0A7ED7D11AE681B7003C46B8 /* Alamofire.swift */; };
		0A7ED7D41AE681B7003C46B8 /* NetData.swift in Sources */ = {isa = PBXBuildFile; fileRef = 0A7ED7D21AE681B7003C46B8 /* NetData.swift */; };
		0AF0B85C1AE6A0ED00AD9859 /* WelcomeView.xib in Resources */ = {isa = PBXBuildFile; fileRef = 0A657A311AC56C4400ACDDF7 /* WelcomeView.xib */; };
		0AF0B85E1AE6A0ED00AD9859 /* Images.xcassets in Resources */ = {isa = PBXBuildFile; fileRef = 0A657A351AC56C4400ACDDF7 /* Images.xcassets */; };
		7014EF331C9AD923008A7999 /* WelcomeViewController.swift in Sources */ = {isa = PBXBuildFile; fileRef = 7014EF321C9AD923008A7999 /* WelcomeViewController.swift */; };
		7014EF361C9ADD39008A7999 /* ExpectedbasisView.xib in Resources */ = {isa = PBXBuildFile; fileRef = 7014EF341C9ADD39008A7999 /* ExpectedbasisView.xib */; };
		7014EF381C9C094A008A7999 /* DateViewController.swift in Sources */ = {isa = PBXBuildFile; fileRef = 7014EF371C9C094A008A7999 /* DateViewController.swift */; };
		70195C471C9820AA005646B9 /* AboutView.xib in Resources */ = {isa = PBXBuildFile; fileRef = 70195C451C9820AA005646B9 /* AboutView.xib */; };
		70195C4A1C982175005646B9 /* PolicyView.xib in Resources */ = {isa = PBXBuildFile; fileRef = 70195C481C982175005646B9 /* PolicyView.xib */; };
		70195C4D1C98219A005646B9 /* GenderView.xib in Resources */ = {isa = PBXBuildFile; fileRef = 70195C4B1C98219A005646B9 /* GenderView.xib */; };
		70195C501C9821B3005646B9 /* EthnicityView.xib in Resources */ = {isa = PBXBuildFile; fileRef = 70195C4E1C9821B3005646B9 /* EthnicityView.xib */; };
		70195C531C9821BE005646B9 /* WeightView.xib in Resources */ = {isa = PBXBuildFile; fileRef = 70195C511C9821BE005646B9 /* WeightView.xib */; };
		70195C561C9821D1005646B9 /* HeadView.xib in Resources */ = {isa = PBXBuildFile; fileRef = 70195C541C9821D1005646B9 /* HeadView.xib */; };
		70195C591C9821DF005646B9 /* DateView.xib in Resources */ = {isa = PBXBuildFile; fileRef = 70195C571C9821DF005646B9 /* DateView.xib */; };
		70195C621C982218005646B9 /* PhotoIntroView.xib in Resources */ = {isa = PBXBuildFile; fileRef = 70195C601C982218005646B9 /* PhotoIntroView.xib */; };
		70195C651C982239005646B9 /* CameraView.xib in Resources */ = {isa = PBXBuildFile; fileRef = 70195C631C982239005646B9 /* CameraView.xib */; };
		70195C681C98236E005646B9 /* CameraResultView.xib in Resources */ = {isa = PBXBuildFile; fileRef = 70195C661C98236E005646B9 /* CameraResultView.xib */; };
		70195C6E1C982446005646B9 /* UploadView.xib in Resources */ = {isa = PBXBuildFile; fileRef = 70195C6C1C982446005646B9 /* UploadView.xib */; };
		70195C761C9965FC005646B9 /* CheckViewController.swift in Sources */ = {isa = PBXBuildFile; fileRef = 70195C751C9965FC005646B9 /* CheckViewController.swift */; };
		7023E67A1CAD2A6A00977F97 /* WeightViewController.swift in Sources */ = {isa = PBXBuildFile; fileRef = 7023E6791CAD2A6A00977F97 /* WeightViewController.swift */; };
		7023E67C1CAD31F300977F97 /* HeadViewController.swift in Sources */ = {isa = PBXBuildFile; fileRef = 7023E67B1CAD31F300977F97 /* HeadViewController.swift */; };
		7023E6811CAD521800977F97 /* Extensions.swift in Sources */ = {isa = PBXBuildFile; fileRef = 7023E6801CAD521800977F97 /* Extensions.swift */; };
		7023E6841CAD534D00977F97 /* Localizable.strings in Resources */ = {isa = PBXBuildFile; fileRef = 7023E6821CAD534D00977F97 /* Localizable.strings */; };
		70919F5D1CB27071005E50FA /* LaunchScreen.xib in Resources */ = {isa = PBXBuildFile; fileRef = 70919F5B1CB27071005E50FA /* LaunchScreen.xib */; };
		709FA8931BB019EF000BA112 /* Download.swift in Sources */ = {isa = PBXBuildFile; fileRef = 709FA8871BB019EF000BA112 /* Download.swift */; };
		709FA8941BB019EF000BA112 /* Error.swift in Sources */ = {isa = PBXBuildFile; fileRef = 709FA8881BB019EF000BA112 /* Error.swift */; };
		709FA8951BB019EF000BA112 /* Manager.swift in Sources */ = {isa = PBXBuildFile; fileRef = 709FA8891BB019EF000BA112 /* Manager.swift */; };
		709FA8961BB019EF000BA112 /* MultipartFormData.swift in Sources */ = {isa = PBXBuildFile; fileRef = 709FA88A1BB019EF000BA112 /* MultipartFormData.swift */; };
		709FA8971BB019EF000BA112 /* ParameterEncoding.swift in Sources */ = {isa = PBXBuildFile; fileRef = 709FA88B1BB019EF000BA112 /* ParameterEncoding.swift */; };
		709FA8981BB019EF000BA112 /* Request.swift in Sources */ = {isa = PBXBuildFile; fileRef = 709FA88C1BB019EF000BA112 /* Request.swift */; };
		709FA8991BB019EF000BA112 /* ResponseSerialization.swift in Sources */ = {isa = PBXBuildFile; fileRef = 709FA88D1BB019EF000BA112 /* ResponseSerialization.swift */; };
		709FA89A1BB019EF000BA112 /* Result.swift in Sources */ = {isa = PBXBuildFile; fileRef = 709FA88E1BB019EF000BA112 /* Result.swift */; };
		709FA89B1BB019EF000BA112 /* ServerTrustPolicy.swift in Sources */ = {isa = PBXBuildFile; fileRef = 709FA88F1BB019EF000BA112 /* ServerTrustPolicy.swift */; };
		709FA89C1BB019EF000BA112 /* Stream.swift in Sources */ = {isa = PBXBuildFile; fileRef = 709FA8901BB019EF000BA112 /* Stream.swift */; };
		709FA89D1BB019EF000BA112 /* Upload.swift in Sources */ = {isa = PBXBuildFile; fileRef = 709FA8911BB019EF000BA112 /* Upload.swift */; };
		709FA89E1BB019EF000BA112 /* Validation.swift in Sources */ = {isa = PBXBuildFile; fileRef = 709FA8921BB019EF000BA112 /* Validation.swift */; };
/* End PBXBuildFile section */

/* Begin PBXFileReference section */
		0A4662F31AC97BFE007968DF /* CameraViewController.swift */ = {isa = PBXFileReference; fileEncoding = 4; lastKnownFileType = sourcecode.swift; path = CameraViewController.swift; sourceTree = "<group>"; };
		0A4662F51AC97EB0007968DF /* PageViewController.swift */ = {isa = PBXFileReference; fileEncoding = 4; lastKnownFileType = sourcecode.swift; path = PageViewController.swift; sourceTree = "<group>"; };
		0A532D0B1ADEA46900463B94 /* CameraResultViewController.swift */ = {isa = PBXFileReference; fileEncoding = 4; lastKnownFileType = sourcecode.swift; path = CameraResultViewController.swift; sourceTree = "<group>"; };
		0A532D131ADFE52000463B94 /* DataViewController.swift */ = {isa = PBXFileReference; fileEncoding = 4; lastKnownFileType = sourcecode.swift; path = DataViewController.swift; sourceTree = "<group>"; };
		0A657A0A1AC56BE000ACDDF7 /* babyface.app */ = {isa = PBXFileReference; explicitFileType = wrapper.application; includeInIndex = 0; path = babyface.app; sourceTree = BUILT_PRODUCTS_DIR; };
		0A657A321AC56C4400ACDDF7 /* Base */ = {isa = PBXFileReference; lastKnownFileType = file.xib; name = Base; path = WelcomeView.xib; sourceTree = "<group>"; };
		0A657A351AC56C4400ACDDF7 /* Images.xcassets */ = {isa = PBXFileReference; lastKnownFileType = folder.assetcatalog; name = Images.xcassets; path = res/Images.xcassets; sourceTree = "<group>"; };
		0A657A3C1AC56C7400ACDDF7 /* RootViewController.swift */ = {isa = PBXFileReference; fileEncoding = 4; lastKnownFileType = sourcecode.swift; path = RootViewController.swift; sourceTree = "<group>"; };
		0A657A3D1AC56C7400ACDDF7 /* AppDelegate.swift */ = {isa = PBXFileReference; fileEncoding = 4; lastKnownFileType = sourcecode.swift; name = AppDelegate.swift; path = src/AppDelegate.swift; sourceTree = "<group>"; };
		0A657A451AC56D4900ACDDF7 /* Info.plist */ = {isa = PBXFileReference; fileEncoding = 4; lastKnownFileType = text.plist.xml; path = Info.plist; sourceTree = "<group>"; };
		0A7ED7CC1AE678DC003C46B8 /* UploadViewController.swift */ = {isa = PBXFileReference; fileEncoding = 4; lastKnownFileType = sourcecode.swift; path = UploadViewController.swift; sourceTree = "<group>"; };
		0A7ED7D11AE681B7003C46B8 /* Alamofire.swift */ = {isa = PBXFileReference; fileEncoding = 4; lastKnownFileType = sourcecode.swift; name = Alamofire.swift; path = src/net/Alamofire.swift; sourceTree = "<group>"; };
		0A7ED7D21AE681B7003C46B8 /* NetData.swift */ = {isa = PBXFileReference; fileEncoding = 4; lastKnownFileType = sourcecode.swift; name = NetData.swift; path = src/net/NetData.swift; sourceTree = "<group>"; };
		7014EF321C9AD923008A7999 /* WelcomeViewController.swift */ = {isa = PBXFileReference; fileEncoding = 4; lastKnownFileType = sourcecode.swift; path = WelcomeViewController.swift; sourceTree = "<group>"; };
		7014EF351C9ADD39008A7999 /* Base */ = {isa = PBXFileReference; lastKnownFileType = file.xib; name = Base; path = ExpectedbasisView.xib; sourceTree = "<group>"; };
		7014EF371C9C094A008A7999 /* DateViewController.swift */ = {isa = PBXFileReference; fileEncoding = 4; lastKnownFileType = sourcecode.swift; path = DateViewController.swift; sourceTree = "<group>"; };
		70195C461C9820AA005646B9 /* Base */ = {isa = PBXFileReference; lastKnownFileType = file.xib; name = Base; path = AboutView.xib; sourceTree = "<group>"; };
		70195C491C982175005646B9 /* Base */ = {isa = PBXFileReference; lastKnownFileType = file.xib; name = Base; path = PolicyView.xib; sourceTree = "<group>"; };
		70195C4C1C98219A005646B9 /* Base */ = {isa = PBXFileReference; lastKnownFileType = file.xib; name = Base; path = GenderView.xib; sourceTree = "<group>"; };
		70195C4F1C9821B3005646B9 /* Base */ = {isa = PBXFileReference; lastKnownFileType = file.xib; name = Base; path = EthnicityView.xib; sourceTree = "<group>"; };
		70195C521C9821BE005646B9 /* Base */ = {isa = PBXFileReference; lastKnownFileType = file.xib; name = Base; path = WeightView.xib; sourceTree = "<group>"; };
		70195C551C9821D1005646B9 /* Base */ = {isa = PBXFileReference; lastKnownFileType = file.xib; name = Base; path = HeadView.xib; sourceTree = "<group>"; };
		70195C581C9821DF005646B9 /* Base */ = {isa = PBXFileReference; lastKnownFileType = file.xib; name = Base; path = DateView.xib; sourceTree = "<group>"; };
		70195C611C982218005646B9 /* Base */ = {isa = PBXFileReference; lastKnownFileType = file.xib; name = Base; path = PhotoIntroView.xib; sourceTree = "<group>"; };
		70195C641C982239005646B9 /* Base */ = {isa = PBXFileReference; lastKnownFileType = file.xib; name = Base; path = CameraView.xib; sourceTree = "<group>"; };
		70195C671C98236E005646B9 /* Base */ = {isa = PBXFileReference; lastKnownFileType = file.xib; name = Base; path = CameraResultView.xib; sourceTree = "<group>"; };
		70195C6D1C982446005646B9 /* Base */ = {isa = PBXFileReference; lastKnownFileType = file.xib; name = Base; path = UploadView.xib; sourceTree = "<group>"; };
		70195C751C9965FC005646B9 /* CheckViewController.swift */ = {isa = PBXFileReference; fileEncoding = 4; lastKnownFileType = sourcecode.swift; path = CheckViewController.swift; sourceTree = "<group>"; };
		7023E6791CAD2A6A00977F97 /* WeightViewController.swift */ = {isa = PBXFileReference; fileEncoding = 4; lastKnownFileType = sourcecode.swift; path = WeightViewController.swift; sourceTree = "<group>"; };
		7023E67B1CAD31F300977F97 /* HeadViewController.swift */ = {isa = PBXFileReference; fileEncoding = 4; lastKnownFileType = sourcecode.swift; path = HeadViewController.swift; sourceTree = "<group>"; };
		7023E6801CAD521800977F97 /* Extensions.swift */ = {isa = PBXFileReference; fileEncoding = 4; lastKnownFileType = sourcecode.swift; name = Extensions.swift; path = src/Extensions.swift; sourceTree = "<group>"; };
		7023E6831CAD534D00977F97 /* Base */ = {isa = PBXFileReference; lastKnownFileType = text.plist.strings; name = Base; path = Localizable.strings; sourceTree = "<group>"; };
		70919F5C1CB27071005E50FA /* Base */ = {isa = PBXFileReference; lastKnownFileType = file.xib; name = Base; path = LaunchScreen.xib; sourceTree = "<group>"; };
		709FA8871BB019EF000BA112 /* Download.swift */ = {isa = PBXFileReference; fileEncoding = 4; lastKnownFileType = sourcecode.swift; name = Download.swift; path = src/net/Download.swift; sourceTree = "<group>"; };
		709FA8881BB019EF000BA112 /* Error.swift */ = {isa = PBXFileReference; fileEncoding = 4; lastKnownFileType = sourcecode.swift; name = Error.swift; path = src/net/Error.swift; sourceTree = "<group>"; };
		709FA8891BB019EF000BA112 /* Manager.swift */ = {isa = PBXFileReference; fileEncoding = 4; lastKnownFileType = sourcecode.swift; name = Manager.swift; path = src/net/Manager.swift; sourceTree = "<group>"; };
		709FA88A1BB019EF000BA112 /* MultipartFormData.swift */ = {isa = PBXFileReference; fileEncoding = 4; lastKnownFileType = sourcecode.swift; name = MultipartFormData.swift; path = src/net/MultipartFormData.swift; sourceTree = "<group>"; };
		709FA88B1BB019EF000BA112 /* ParameterEncoding.swift */ = {isa = PBXFileReference; fileEncoding = 4; lastKnownFileType = sourcecode.swift; name = ParameterEncoding.swift; path = src/net/ParameterEncoding.swift; sourceTree = "<group>"; };
		709FA88C1BB019EF000BA112 /* Request.swift */ = {isa = PBXFileReference; fileEncoding = 4; lastKnownFileType = sourcecode.swift; name = Request.swift; path = src/net/Request.swift; sourceTree = "<group>"; };
		709FA88D1BB019EF000BA112 /* ResponseSerialization.swift */ = {isa = PBXFileReference; fileEncoding = 4; lastKnownFileType = sourcecode.swift; name = ResponseSerialization.swift; path = src/net/ResponseSerialization.swift; sourceTree = "<group>"; };
		709FA88E1BB019EF000BA112 /* Result.swift */ = {isa = PBXFileReference; fileEncoding = 4; lastKnownFileType = sourcecode.swift; name = Result.swift; path = src/net/Result.swift; sourceTree = "<group>"; };
		709FA88F1BB019EF000BA112 /* ServerTrustPolicy.swift */ = {isa = PBXFileReference; fileEncoding = 4; lastKnownFileType = sourcecode.swift; name = ServerTrustPolicy.swift; path = src/net/ServerTrustPolicy.swift; sourceTree = "<group>"; };
		709FA8901BB019EF000BA112 /* Stream.swift */ = {isa = PBXFileReference; fileEncoding = 4; lastKnownFileType = sourcecode.swift; name = Stream.swift; path = src/net/Stream.swift; sourceTree = "<group>"; };
		709FA8911BB019EF000BA112 /* Upload.swift */ = {isa = PBXFileReference; fileEncoding = 4; lastKnownFileType = sourcecode.swift; name = Upload.swift; path = src/net/Upload.swift; sourceTree = "<group>"; };
		709FA8921BB019EF000BA112 /* Validation.swift */ = {isa = PBXFileReference; fileEncoding = 4; lastKnownFileType = sourcecode.swift; name = Validation.swift; path = src/net/Validation.swift; sourceTree = "<group>"; };
/* End PBXFileReference section */

/* Begin PBXFrameworksBuildPhase section */
		0A657A071AC56BE000ACDDF7 /* Frameworks */ = {
			isa = PBXFrameworksBuildPhase;
			buildActionMask = 2147483647;
			files = (
			);
			runOnlyForDeploymentPostprocessing = 0;
		};
/* End PBXFrameworksBuildPhase section */

/* Begin PBXGroup section */
		0A657A301AC56C4400ACDDF7 /* Base.lproj */ = {
			isa = PBXGroup;
			children = (
				70195C451C9820AA005646B9 /* AboutView.xib */,
				70195C661C98236E005646B9 /* CameraResultView.xib */,
				70195C631C982239005646B9 /* CameraView.xib */,
				70195C571C9821DF005646B9 /* DateView.xib */,
				70195C4E1C9821B3005646B9 /* EthnicityView.xib */,
				7014EF341C9ADD39008A7999 /* ExpectedbasisView.xib */,
				70195C4B1C98219A005646B9 /* GenderView.xib */,
				70195C541C9821D1005646B9 /* HeadView.xib */,
				7023E6821CAD534D00977F97 /* Localizable.strings */,
				70195C601C982218005646B9 /* PhotoIntroView.xib */,
				70195C481C982175005646B9 /* PolicyView.xib */,
				70195C6C1C982446005646B9 /* UploadView.xib */,
				70195C511C9821BE005646B9 /* WeightView.xib */,
				0A657A311AC56C4400ACDDF7 /* WelcomeView.xib */,
				70919F5B1CB27071005E50FA /* LaunchScreen.xib */,
			);
			name = Base.lproj;
			path = res/Base.lproj;
			sourceTree = "<group>";
		};
		0A657A391AC56C7400ACDDF7 /* view controllers */ = {
			isa = PBXGroup;
			children = (
				0A532D0B1ADEA46900463B94 /* CameraResultViewController.swift */,
				0A4662F31AC97BFE007968DF /* CameraViewController.swift */,
				70195C751C9965FC005646B9 /* CheckViewController.swift */,
				0A532D131ADFE52000463B94 /* DataViewController.swift */,
				7014EF371C9C094A008A7999 /* DateViewController.swift */,
				7023E6791CAD2A6A00977F97 /* WeightViewController.swift */,
				7023E67B1CAD31F300977F97 /* HeadViewController.swift */,
				0A4662F51AC97EB0007968DF /* PageViewController.swift */,
				0A657A3C1AC56C7400ACDDF7 /* RootViewController.swift */,
				7014EF321C9AD923008A7999 /* WelcomeViewController.swift */,
				0A7ED7CC1AE678DC003C46B8 /* UploadViewController.swift */,
			);
			name = "view controllers";
			path = "src/view controllers";
			sourceTree = "<group>";
		};
		0A7ED7D01AE68194003C46B8 /* net */ = {
			isa = PBXGroup;
			children = (
				709FA8871BB019EF000BA112 /* Download.swift */,
				709FA8881BB019EF000BA112 /* Error.swift */,
				709FA8891BB019EF000BA112 /* Manager.swift */,
				709FA88A1BB019EF000BA112 /* MultipartFormData.swift */,
				709FA88B1BB019EF000BA112 /* ParameterEncoding.swift */,
				709FA88C1BB019EF000BA112 /* Request.swift */,
				709FA88D1BB019EF000BA112 /* ResponseSerialization.swift */,
				709FA88E1BB019EF000BA112 /* Result.swift */,
				709FA88F1BB019EF000BA112 /* ServerTrustPolicy.swift */,
				709FA8901BB019EF000BA112 /* Stream.swift */,
				709FA8911BB019EF000BA112 /* Upload.swift */,
				709FA8921BB019EF000BA112 /* Validation.swift */,
				0A7ED7D11AE681B7003C46B8 /* Alamofire.swift */,
				0A7ED7D21AE681B7003C46B8 /* NetData.swift */,
			);
			name = net;
			sourceTree = "<group>";
		};
		0A8C0A291AC420700034F16A = {
			isa = PBXGroup;
			children = (
				0A657A451AC56D4900ACDDF7 /* Info.plist */,
				0A8C0A341AC420710034F16A /* Products */,
				0AFB95511AC42E9000860D1D /* res */,
				0AFB95521AC42E9900860D1D /* src */,
			);
			sourceTree = "<group>";
		};
		0A8C0A341AC420710034F16A /* Products */ = {
			isa = PBXGroup;
			children = (
				0A657A0A1AC56BE000ACDDF7 /* babyface.app */,
			);
			name = Products;
			sourceTree = "<group>";
		};
		0AFB95511AC42E9000860D1D /* res */ = {
			isa = PBXGroup;
			children = (
				0A657A301AC56C4400ACDDF7 /* Base.lproj */,
				0A657A351AC56C4400ACDDF7 /* Images.xcassets */,
			);
			name = res;
			sourceTree = "<group>";
		};
		0AFB95521AC42E9900860D1D /* src */ = {
			isa = PBXGroup;
			children = (
				0A657A3D1AC56C7400ACDDF7 /* AppDelegate.swift */,
				7023E6801CAD521800977F97 /* Extensions.swift */,
				0A7ED7D01AE68194003C46B8 /* net */,
				0A657A391AC56C7400ACDDF7 /* view controllers */,
			);
			name = src;
			sourceTree = "<group>";
		};
/* End PBXGroup section */

/* Begin PBXNativeTarget section */
		0A657A091AC56BE000ACDDF7 /* babyface */ = {
			isa = PBXNativeTarget;
			buildConfigurationList = 0A657A2A1AC56BE000ACDDF7 /* Build configuration list for PBXNativeTarget "babyface" */;
			buildPhases = (
				0A657A061AC56BE000ACDDF7 /* Sources */,
				0A657A071AC56BE000ACDDF7 /* Frameworks */,
				0AF0B8551AE6A0E600AD9859 /* Resources */,
			);
			buildRules = (
			);
			dependencies = (
			);
			name = babyface;
			productName = babyface;
			productReference = 0A657A0A1AC56BE000ACDDF7 /* babyface.app */;
			productType = "com.apple.product-type.application";
		};
/* End PBXNativeTarget section */

/* Begin PBXProject section */
		0A8C0A2A1AC420700034F16A /* Project object */ = {
			isa = PBXProject;
			attributes = {
				LastSwiftMigration = 0700;
				LastSwiftUpdateCheck = 0700;
				LastUpgradeCheck = 0700;
				ORGANIZATIONNAME = Horizon;
				TargetAttributes = {
					0A657A091AC56BE000ACDDF7 = {
						CreatedOnToolsVersion = 6.2;
						DevelopmentTeam = GLPSMZ875K;
					};
				};
			};
			buildConfigurationList = 0A8C0A2D1AC420700034F16A /* Build configuration list for PBXProject "babyface" */;
			compatibilityVersion = "Xcode 6.3";
			developmentRegion = English;
			hasScannedForEncodings = 0;
			knownRegions = (
				en,
				Base,
			);
			mainGroup = 0A8C0A291AC420700034F16A;
			productRefGroup = 0A8C0A341AC420710034F16A /* Products */;
			projectDirPath = "";
			projectRoot = "";
			targets = (
				0A657A091AC56BE000ACDDF7 /* babyface */,
			);
		};
/* End PBXProject section */

/* Begin PBXResourcesBuildPhase section */
		0AF0B8551AE6A0E600AD9859 /* Resources */ = {
			isa = PBXResourcesBuildPhase;
			buildActionMask = 2147483647;
			files = (
				70195C471C9820AA005646B9 /* AboutView.xib in Resources */,
				70195C591C9821DF005646B9 /* DateView.xib in Resources */,
				70195C681C98236E005646B9 /* CameraResultView.xib in Resources */,
				70195C4A1C982175005646B9 /* PolicyView.xib in Resources */,
				70195C651C982239005646B9 /* CameraView.xib in Resources */,
				7014EF361C9ADD39008A7999 /* ExpectedbasisView.xib in Resources */,
				70195C531C9821BE005646B9 /* WeightView.xib in Resources */,
				70195C4D1C98219A005646B9 /* GenderView.xib in Resources */,
				7023E6841CAD534D00977F97 /* Localizable.strings in Resources */,
				70195C621C982218005646B9 /* PhotoIntroView.xib in Resources */,
				70195C6E1C982446005646B9 /* UploadView.xib in Resources */,
				0AF0B85C1AE6A0ED00AD9859 /* WelcomeView.xib in Resources */,
				70919F5D1CB27071005E50FA /* LaunchScreen.xib in Resources */,
				70195C501C9821B3005646B9 /* EthnicityView.xib in Resources */,
				70195C561C9821D1005646B9 /* HeadView.xib in Resources */,
				0AF0B85E1AE6A0ED00AD9859 /* Images.xcassets in Resources */,
			);
			runOnlyForDeploymentPostprocessing = 0;
		};
/* End PBXResourcesBuildPhase section */

/* Begin PBXSourcesBuildPhase section */
		0A657A061AC56BE000ACDDF7 /* Sources */ = {
			isa = PBXSourcesBuildPhase;
			buildActionMask = 2147483647;
			files = (
				7014EF381C9C094A008A7999 /* DateViewController.swift in Sources */,
				7023E6811CAD521800977F97 /* Extensions.swift in Sources */,
				709FA89D1BB019EF000BA112 /* Upload.swift in Sources */,
				709FA89A1BB019EF000BA112 /* Result.swift in Sources */,
				7023E67C1CAD31F300977F97 /* HeadViewController.swift in Sources */,
				709FA89E1BB019EF000BA112 /* Validation.swift in Sources */,
				0A657A431AC56C7400ACDDF7 /* AppDelegate.swift in Sources */,
				709FA8981BB019EF000BA112 /* Request.swift in Sources */,
				709FA89B1BB019EF000BA112 /* ServerTrustPolicy.swift in Sources */,
				7014EF331C9AD923008A7999 /* WelcomeViewController.swift in Sources */,
				0A4662F41AC97BFE007968DF /* CameraViewController.swift in Sources */,
				709FA8961BB019EF000BA112 /* MultipartFormData.swift in Sources */,
				709FA8931BB019EF000BA112 /* Download.swift in Sources */,
				0A4662F61AC97EB0007968DF /* PageViewController.swift in Sources */,
				709FA8941BB019EF000BA112 /* Error.swift in Sources */,
				0A7ED7CD1AE678DC003C46B8 /* UploadViewController.swift in Sources */,
				0A532D141ADFE52000463B94 /* DataViewController.swift in Sources */,
				709FA8991BB019EF000BA112 /* ResponseSerialization.swift in Sources */,
				709FA8951BB019EF000BA112 /* Manager.swift in Sources */,
				0A7ED7D31AE681B7003C46B8 /* Alamofire.swift in Sources */,
				0A7ED7D41AE681B7003C46B8 /* NetData.swift in Sources */,
				70195C761C9965FC005646B9 /* CheckViewController.swift in Sources */,
				0A657A421AC56C7400ACDDF7 /* RootViewController.swift in Sources */,
				709FA8971BB019EF000BA112 /* ParameterEncoding.swift in Sources */,
				0A532D0C1ADEA46900463B94 /* CameraResultViewController.swift in Sources */,
				7023E67A1CAD2A6A00977F97 /* WeightViewController.swift in Sources */,
				709FA89C1BB019EF000BA112 /* Stream.swift in Sources */,
			);
			runOnlyForDeploymentPostprocessing = 0;
		};
/* End PBXSourcesBuildPhase section */

/* Begin PBXVariantGroup section */
		0A657A311AC56C4400ACDDF7 /* WelcomeView.xib */ = {
			isa = PBXVariantGroup;
			children = (
				0A657A321AC56C4400ACDDF7 /* Base */,
			);
			name = WelcomeView.xib;
			sourceTree = "<group>";
		};
		7014EF341C9ADD39008A7999 /* ExpectedbasisView.xib */ = {
			isa = PBXVariantGroup;
			children = (
				7014EF351C9ADD39008A7999 /* Base */,
			);
			name = ExpectedbasisView.xib;
			sourceTree = "<group>";
		};
		70195C451C9820AA005646B9 /* AboutView.xib */ = {
			isa = PBXVariantGroup;
			children = (
				70195C461C9820AA005646B9 /* Base */,
			);
			name = AboutView.xib;
			sourceTree = "<group>";
		};
		70195C481C982175005646B9 /* PolicyView.xib */ = {
			isa = PBXVariantGroup;
			children = (
				70195C491C982175005646B9 /* Base */,
			);
			name = PolicyView.xib;
			sourceTree = "<group>";
		};
		70195C4B1C98219A005646B9 /* GenderView.xib */ = {
			isa = PBXVariantGroup;
			children = (
				70195C4C1C98219A005646B9 /* Base */,
			);
			name = GenderView.xib;
			sourceTree = "<group>";
		};
		70195C4E1C9821B3005646B9 /* EthnicityView.xib */ = {
			isa = PBXVariantGroup;
			children = (
				70195C4F1C9821B3005646B9 /* Base */,
			);
			name = EthnicityView.xib;
			sourceTree = "<group>";
		};
		70195C511C9821BE005646B9 /* WeightView.xib */ = {
			isa = PBXVariantGroup;
			children = (
				70195C521C9821BE005646B9 /* Base */,
			);
			name = WeightView.xib;
			sourceTree = "<group>";
		};
		70195C541C9821D1005646B9 /* HeadView.xib */ = {
			isa = PBXVariantGroup;
			children = (
				70195C551C9821D1005646B9 /* Base */,
			);
			name = HeadView.xib;
			sourceTree = "<group>";
		};
		70195C571C9821DF005646B9 /* DateView.xib */ = {
			isa = PBXVariantGroup;
			children = (
				70195C581C9821DF005646B9 /* Base */,
			);
			name = DateView.xib;
			sourceTree = "<group>";
		};
		70195C601C982218005646B9 /* PhotoIntroView.xib */ = {
			isa = PBXVariantGroup;
			children = (
				70195C611C982218005646B9 /* Base */,
			);
			name = PhotoIntroView.xib;
			sourceTree = "<group>";
		};
		70195C631C982239005646B9 /* CameraView.xib */ = {
			isa = PBXVariantGroup;
			children = (
				70195C641C982239005646B9 /* Base */,
			);
			name = CameraView.xib;
			sourceTree = "<group>";
		};
		70195C661C98236E005646B9 /* CameraResultView.xib */ = {
			isa = PBXVariantGroup;
			children = (
				70195C671C98236E005646B9 /* Base */,
			);
			name = CameraResultView.xib;
			sourceTree = "<group>";
		};
		70195C6C1C982446005646B9 /* UploadView.xib */ = {
			isa = PBXVariantGroup;
			children = (
				70195C6D1C982446005646B9 /* Base */,
			);
			name = UploadView.xib;
			sourceTree = "<group>";
		};
		7023E6821CAD534D00977F97 /* Localizable.strings */ = {
			isa = PBXVariantGroup;
			children = (
				7023E6831CAD534D00977F97 /* Base */,
			);
			name = Localizable.strings;
			sourceTree = "<group>";
		};
		70919F5B1CB27071005E50FA /* LaunchScreen.xib */ = {
			isa = PBXVariantGroup;
			children = (
				70919F5C1CB27071005E50FA /* Base */,
			);
			name = LaunchScreen.xib;
			sourceTree = "<group>";
		};
/* End PBXVariantGroup section */

/* Begin XCBuildConfiguration section */
		0A657A2B1AC56BE000ACDDF7 /* Debug */ = {
			isa = XCBuildConfiguration;
			buildSettings = {
				ASSETCATALOG_COMPILER_APPICON_NAME = AppIcon;
				ASSETCATALOG_COMPILER_LAUNCHIMAGE_NAME = LaunchImage;
				CODE_SIGN_IDENTITY = "iPhone Developer";
				"CODE_SIGN_IDENTITY[sdk=iphoneos*]" = "iPhone Developer";
				EMBEDDED_CONTENT_CONTAINS_SWIFT = YES;
				GCC_PREPROCESSOR_DEFINITIONS = (
					"DEBUG=1",
					"$(inherited)",
				);
				INFOPLIST_FILE = "$(SRCROOT)/Info.plist";
				IPHONEOS_DEPLOYMENT_TARGET = 7.1;
				LD_RUNPATH_SEARCH_PATHS = "@executable_path/Frameworks";
				PRODUCT_BUNDLE_IDENTIFIER = "uk.ac.horizon.$(PRODUCT_NAME:rfc1034identifier)";
				PRODUCT_NAME = "$(TARGET_NAME)";
				PROVISIONING_PROFILE = "42347fac-02af-49e7-9f26-ff8f8555ffa4";
			};
			name = Debug;
		};
		0A657A2C1AC56BE000ACDDF7 /* Release */ = {
			isa = XCBuildConfiguration;
			buildSettings = {
				ASSETCATALOG_COMPILER_APPICON_NAME = AppIcon;
				ASSETCATALOG_COMPILER_LAUNCHIMAGE_NAME = LaunchImage;
				CODE_SIGN_IDENTITY = "iPhone Developer";
				"CODE_SIGN_IDENTITY[sdk=iphoneos*]" = "iPhone Developer";
				EMBEDDED_CONTENT_CONTAINS_SWIFT = YES;
				INFOPLIST_FILE = "$(SRCROOT)/Info.plist";
				IPHONEOS_DEPLOYMENT_TARGET = 7.1;
				LD_RUNPATH_SEARCH_PATHS = "@executable_path/Frameworks";
				PRODUCT_BUNDLE_IDENTIFIER = "uk.ac.horizon.$(PRODUCT_NAME:rfc1034identifier)";
				PRODUCT_NAME = "$(TARGET_NAME)";
				PROVISIONING_PROFILE = "42347fac-02af-49e7-9f26-ff8f8555ffa4";
			};
			name = Release;
		};
		0A8C0A471AC420710034F16A /* Debug */ = {
			isa = XCBuildConfiguration;
			buildSettings = {
				ALWAYS_SEARCH_USER_PATHS = NO;
				CLANG_CXX_LANGUAGE_STANDARD = "gnu++0x";
				CLANG_CXX_LIBRARY = "libc++";
				CLANG_ENABLE_MODULES = YES;
				CLANG_ENABLE_OBJC_ARC = YES;
				CLANG_WARN_BOOL_CONVERSION = YES;
				CLANG_WARN_CONSTANT_CONVERSION = YES;
				CLANG_WARN_DIRECT_OBJC_ISA_USAGE = YES_ERROR;
				CLANG_WARN_EMPTY_BODY = YES;
				CLANG_WARN_ENUM_CONVERSION = YES;
				CLANG_WARN_INT_CONVERSION = YES;
				CLANG_WARN_OBJC_ROOT_CLASS = YES_ERROR;
				CLANG_WARN_UNREACHABLE_CODE = YES;
				CLANG_WARN__DUPLICATE_METHOD_MATCH = YES;
				COPY_PHASE_STRIP = NO;
				CURRENT_PROJECT_VERSION = 1;
				ENABLE_STRICT_OBJC_MSGSEND = YES;
				ENABLE_TESTABILITY = YES;
				GCC_C_LANGUAGE_STANDARD = gnu99;
				GCC_DYNAMIC_NO_PIC = NO;
				GCC_OPTIMIZATION_LEVEL = 0;
				GCC_PREPROCESSOR_DEFINITIONS = (
					"DEBUG=1",
					"$(inherited)",
				);
				GCC_SYMBOLS_PRIVATE_EXTERN = NO;
				GCC_WARN_64_TO_32_BIT_CONVERSION = YES;
				GCC_WARN_ABOUT_RETURN_TYPE = YES_ERROR;
				GCC_WARN_UNDECLARED_SELECTOR = YES;
				GCC_WARN_UNINITIALIZED_AUTOS = YES_AGGRESSIVE;
				GCC_WARN_UNUSED_FUNCTION = YES;
				GCC_WARN_UNUSED_VARIABLE = YES;
				IPHONEOS_DEPLOYMENT_TARGET = 7.1;
				MTL_ENABLE_DEBUG_INFO = YES;
				ONLY_ACTIVE_ARCH = YES;
				SDKROOT = iphoneos;
				SWIFT_OPTIMIZATION_LEVEL = "-Onone";
				TARGETED_DEVICE_FAMILY = "1,2";
			};
			name = Debug;
		};
		0A8C0A481AC420710034F16A /* Release */ = {
			isa = XCBuildConfiguration;
			buildSettings = {
				ALWAYS_SEARCH_USER_PATHS = NO;
				CLANG_CXX_LANGUAGE_STANDARD = "gnu++0x";
				CLANG_CXX_LIBRARY = "libc++";
				CLANG_ENABLE_MODULES = YES;
				CLANG_ENABLE_OBJC_ARC = YES;
				CLANG_WARN_BOOL_CONVERSION = YES;
				CLANG_WARN_CONSTANT_CONVERSION = YES;
				CLANG_WARN_DIRECT_OBJC_ISA_USAGE = YES_ERROR;
				CLANG_WARN_EMPTY_BODY = YES;
				CLANG_WARN_ENUM_CONVERSION = YES;
				CLANG_WARN_INT_CONVERSION = YES;
				CLANG_WARN_OBJC_ROOT_CLASS = YES_ERROR;
				CLANG_WARN_UNREACHABLE_CODE = YES;
				CLANG_WARN__DUPLICATE_METHOD_MATCH = YES;
				COPY_PHASE_STRIP = NO;
				CURRENT_PROJECT_VERSION = 1;
				ENABLE_NS_ASSERTIONS = NO;
				ENABLE_STRICT_OBJC_MSGSEND = YES;
				GCC_C_LANGUAGE_STANDARD = gnu99;
				GCC_WARN_64_TO_32_BIT_CONVERSION = YES;
				GCC_WARN_ABOUT_RETURN_TYPE = YES_ERROR;
				GCC_WARN_UNDECLARED_SELECTOR = YES;
				GCC_WARN_UNINITIALIZED_AUTOS = YES_AGGRESSIVE;
				GCC_WARN_UNUSED_FUNCTION = YES;
				GCC_WARN_UNUSED_VARIABLE = YES;
				IPHONEOS_DEPLOYMENT_TARGET = 7.1;
				MTL_ENABLE_DEBUG_INFO = NO;
				SDKROOT = iphoneos;
				TARGETED_DEVICE_FAMILY = "1,2";
				VALIDATE_PRODUCT = YES;
			};
			name = Release;
		};
/* End XCBuildConfiguration section */

/* Begin XCConfigurationList section */
		0A657A2A1AC56BE000ACDDF7 /* Build configuration list for PBXNativeTarget "babyface" */ = {
			isa = XCConfigurationList;
			buildConfigurations = (
				0A657A2B1AC56BE000ACDDF7 /* Debug */,
				0A657A2C1AC56BE000ACDDF7 /* Release */,
			);
			defaultConfigurationIsVisible = 0;
			defaultConfigurationName = Release;
		};
		0A8C0A2D1AC420700034F16A /* Build configuration list for PBXProject "babyface" */ = {
			isa = XCConfigurationList;
			buildConfigurations = (
				0A8C0A471AC420710034F16A /* Debug */,
				0A8C0A481AC420710034F16A /* Release */,
			);
			defaultConfigurationIsVisible = 0;
			defaultConfigurationName = Release;
		};
/* End XCConfigurationList section */
	};
	rootObject = 0A8C0A2A1AC420700034F16A /* Project object */;
}
